
Microsoft Visual Studio Solution File, Format Version 12.00
# Visual Studio Version 17
VisualStudioVersion = 17.8.34511.84
MinimumVisualStudioVersion = 10.0.40219.1
Project("{2150E333-8FDC-42A3-9474-1A3956D46DE8}") = "Services", "Services", "{48BB6597-C41E-4BB6-8C42-D3E36C089F8C}"
EndProject
Project("{2150E333-8FDC-42A3-9474-1A3956D46DE8}") = "Catalog", "Catalog", "{34396D2D-9770-4567-9000-7D692C8A1CF5}"
EndProject
Project("{9A19103F-16F7-4668-BE54-9A1E7A4F7556}") = "Catalog.API", "Services\Catalog\Catalog.API\Catalog.API.csproj", "{2AC374E0-4338-42B3-A945-89196FF8F546}"
EndProject
Project("{2150E333-8FDC-42A3-9474-1A3956D46DE8}") = "BuildingBlocks", "BuildingBlocks", "{9E24747F-86A8-4BAC-ABEE-6195F9862DBF}"
EndProject
Project("{9A19103F-16F7-4668-BE54-9A1E7A4F7556}") = "BuildingBlocks", "BuildingBlocks\BuildingBlocks\BuildingBlocks.csproj", "{B37E320B-A669-4B83-863E-1A9322AE6D7E}"
EndProject
Project("{E53339B2-1760-4266-BCC7-CA923CBCF16C}") = "docker-compose", "docker-compose.dcproj", "{38B337B7-F16C-4CC8-91BD-DEC2A872DE84}"
EndProject
Project("{2150E333-8FDC-42A3-9474-1A3956D46DE8}") = "src", "src", "{B7647A06-FC27-49B5-A082-7F1FAAE7F7A8}"
EndProject
Project("{2150E333-8FDC-42A3-9474-1A3956D46DE8}") = "Basket", "Basket", "{951CE2E5-9211-42A7-9002-180710B0F8A5}"
EndProject
Project("{FAE04EC0-301F-11D3-BF4B-00C04F79EFBC}") = "Basket.API", "Services\Basket\Basket.API\Basket.API.csproj", "{61A0C049-CE74-439F-BE8F-CFA8779E1B62}"
EndProject
Global
	GlobalSection(SolutionConfigurationPlatforms) = preSolution
		Debug|Any CPU = Debug|Any CPU
		Release|Any CPU = Release|Any CPU
	EndGlobalSection
	GlobalSection(ProjectConfigurationPlatforms) = postSolution
		{2AC374E0-4338-42B3-A945-89196FF8F546}.Debug|Any CPU.ActiveCfg = Debug|Any CPU
		{2AC374E0-4338-42B3-A945-89196FF8F546}.Debug|Any CPU.Build.0 = Debug|Any CPU
		{2AC374E0-4338-42B3-A945-89196FF8F546}.Release|Any CPU.ActiveCfg = Release|Any CPU
		{2AC374E0-4338-42B3-A945-89196FF8F546}.Release|Any CPU.Build.0 = Release|Any CPU
		{B37E320B-A669-4B83-863E-1A9322AE6D7E}.Debug|Any CPU.ActiveCfg = Debug|Any CPU
		{B37E320B-A669-4B83-863E-1A9322AE6D7E}.Debug|Any CPU.Build.0 = Debug|Any CPU
		{B37E320B-A669-4B83-863E-1A9322AE6D7E}.Release|Any CPU.ActiveCfg = Release|Any CPU
		{B37E320B-A669-4B83-863E-1A9322AE6D7E}.Release|Any CPU.Build.0 = Release|Any CPU
		{38B337B7-F16C-4CC8-91BD-DEC2A872DE84}.Debug|Any CPU.ActiveCfg = Debug|Any CPU
		{38B337B7-F16C-4CC8-91BD-DEC2A872DE84}.Debug|Any CPU.Build.0 = Debug|Any CPU
		{38B337B7-F16C-4CC8-91BD-DEC2A872DE84}.Release|Any CPU.ActiveCfg = Release|Any CPU
		{38B337B7-F16C-4CC8-91BD-DEC2A872DE84}.Release|Any CPU.Build.0 = Release|Any CPU
		{61A0C049-CE74-439F-BE8F-CFA8779E1B62}.Debug|Any CPU.ActiveCfg = Debug|Any CPU
		{61A0C049-CE74-439F-BE8F-CFA8779E1B62}.Debug|Any CPU.Build.0 = Debug|Any CPU
		{61A0C049-CE74-439F-BE8F-CFA8779E1B62}.Release|Any CPU.ActiveCfg = Release|Any CPU
		{61A0C049-CE74-439F-BE8F-CFA8779E1B62}.Release|Any CPU.Build.0 = Release|Any CPU
	EndGlobalSection
	GlobalSection(SolutionProperties) = preSolution
		HideSolutionNode = FALSE
	EndGlobalSection
	GlobalSection(NestedProjects) = preSolution
		{48BB6597-C41E-4BB6-8C42-D3E36C089F8C} = {B7647A06-FC27-49B5-A082-7F1FAAE7F7A8}
		{34396D2D-9770-4567-9000-7D692C8A1CF5} = {48BB6597-C41E-4BB6-8C42-D3E36C089F8C}
		{2AC374E0-4338-42B3-A945-89196FF8F546} = {34396D2D-9770-4567-9000-7D692C8A1CF5}
		{9E24747F-86A8-4BAC-ABEE-6195F9862DBF} = {B7647A06-FC27-49B5-A082-7F1FAAE7F7A8}
		{B37E320B-A669-4B83-863E-1A9322AE6D7E} = {9E24747F-86A8-4BAC-ABEE-6195F9862DBF}
		{38B337B7-F16C-4CC8-91BD-DEC2A872DE84} = {B7647A06-FC27-49B5-A082-7F1FAAE7F7A8}
		{951CE2E5-9211-42A7-9002-180710B0F8A5} = {48BB6597-C41E-4BB6-8C42-D3E36C089F8C}
		{61A0C049-CE74-439F-BE8F-CFA8779E1B62} = {951CE2E5-9211-42A7-9002-180710B0F8A5}
	EndGlobalSection
	GlobalSection(ExtensibilityGlobals) = postSolution
		SolutionGuid = {B4209E66-7935-47A6-A56A-CCD3704CAF24}
	EndGlobalSection
EndGlobal
